{
  "version": 2,
  "dependencies": {
    "net10.0": {
      "Asp.Versioning.Abstractions": {
        "type": "Transitive",
        "resolved": "8.1.0",
        "contentHash": "mpeNZyMdvrHztJwR1sXIUQ+3iioEU97YMBnFA9WLbsPOYhGwDJnqJMmEd8ny7kcmS9OjTHoEuX/bSXXY3brIFA==",
        "dependencies": {
          "Microsoft.Extensions.Primitives": "8.0.0"
        }
      },
      "Aspire.StackExchange.Redis": {
        "type": "Transitive",
        "resolved": "13.1.2",
        "contentHash": "zFM5TRuz44cjU/epvHjv+F+QLQSXTnq/IQvUC3b55/rXdSCbeDRJ8UBl95LstudRlHr+DrqvHcv1TbotmLQusg==",
        "dependencies": {
          "AspNetCore.HealthChecks.Redis": "9.0.0",
          "Microsoft.Extensions.Configuration.Abstractions": "10.0.1",
          "Microsoft.Extensions.Configuration.Binder": "10.0.1",
          "Microsoft.Extensions.DependencyInjection.Abstractions": "10.0.1",
          "Microsoft.Extensions.DependencyInjection.AutoActivation": "10.1.0",
          "Microsoft.Extensions.Diagnostics.HealthChecks": "10.0.1",
          "Microsoft.Extensions.Hosting.Abstractions": "10.0.1",
          "Microsoft.Extensions.Logging.Abstractions": "10.0.1",
          "Microsoft.Extensions.Options": "10.0.1",
          "Microsoft.Extensions.Primitives": "10.0.1",
          "OpenTelemetry.Extensions.Hosting": "1.14.0",
          "StackExchange.Redis": "2.9.32"
        }
      },
      "Aspire.StackExchange.Redis.DistributedCaching": {
        "type": "Transitive",
        "resolved": "13.1.2",
        "contentHash": "zT3rV/HqBbB0Ybkt7CCU1k7PKwpQlT3H0B9K3OTNgVXyRYXH3JaBUtawSqvK9J7jvGm2ql1V13ALvYveU6BStQ==",
        "dependencies": {
          "AspNetCore.HealthChecks.Redis": "9.0.0",
          "Aspire.StackExchange.Redis": "13.1.2",
          "Microsoft.Extensions.Caching.StackExchangeRedis": "10.0.1",
          "Microsoft.Extensions.Configuration.Abstractions": "10.0.1",
          "Microsoft.Extensions.Configuration.Binder": "10.0.1",
          "Microsoft.Extensions.DependencyInjection.Abstractions": "10.0.1",
          "Microsoft.Extensions.DependencyInjection.AutoActivation": "10.1.0",
          "Microsoft.Extensions.Diagnostics.HealthChecks": "10.0.1",
          "Microsoft.Extensions.Hosting.Abstractions": "10.0.1",
          "Microsoft.Extensions.Logging.Abstractions": "10.0.1",
          "Microsoft.Extensions.Options": "10.0.1",
          "Microsoft.Extensions.Primitives": "10.0.1",
          "OpenTelemetry.Extensions.Hosting": "1.14.0",
          "StackExchange.Redis": "2.9.32"
        }
      },
      "AspNetCore.HealthChecks.Redis": {
        "type": "Transitive",
        "resolved": "9.0.0",
        "contentHash": "yNH0h8GLRbAf+PU5HNVLZ5hNeyq9mDVmRKO9xuZsme/znUYoBJlQvI0gq45gaZNlLncCHkMhR4o90MuT+gxxPw==",
        "dependencies": {
          "Microsoft.Extensions.Diagnostics.HealthChecks": "8.0.11",
          "StackExchange.Redis": "2.7.4"
        }
      },
      "DistributedLock.Core": {
        "type": "Transitive",
        "resolved": "1.0.8",
        "contentHash": "LAOsY8WxX8JU/n3lfXFz+f2pfnv0+4bHkCrOO3bwa28u9HrS3DlxSG6jf+u76SqesKs+KehZi0CndkfaUXBKvg=="
      },
      "DistributedLock.Redis": {
        "type": "Transitive",
        "resolved": "1.1.1",
        "contentHash": "6HZkVS+ozUJqqv6bmDRfT2ie6h+X721NlPmKZ3Mq6+oFhSiaTgGCFY5Kw9j34Je+rzFE5sO3BRxtr8bccS5Vzg==",
        "dependencies": {
          "DistributedLock.Core": "[1.0.8, 1.1.0)",
          "StackExchange.Redis": "2.7.33"
        }
      },
      "HtmlAgilityPack": {
        "type": "Transitive",
        "resolved": "1.12.4",
        "contentHash": "ljqvBabvFwKoLniuoQKO8b5bJfJweKLs4fUNS/V5dsvpo0A8MlJqxxn9XVmP2DaskbUXty6IYaWAi1SArGIMeQ=="
      },
      "MemoryPack": {
        "type": "Transitive",
        "resolved": "1.21.4",
        "contentHash": "wy3JTBNBsO8LfQcBvvYsWr3lm2Oakolrfu0UQ3oSJSEiD+7ye0GUhYTaXuYYBowqsXBXWD9gf2218ae0JRiYVQ==",
        "dependencies": {
          "MemoryPack.Core": "1.21.4",
          "MemoryPack.Generator": "1.21.4"
        }
      },
      "MemoryPack.Core": {
        "type": "Transitive",
        "resolved": "1.21.4",
        "contentHash": "6RszGorZ0ejNmp37ZcboPBMvvPCuNW2jlrdQfcs/lMzE5b3pmPF6hsm/laDc34hRlbAST1ZxaX/DvYu2DF5sBQ=="
      },
      "MemoryPack.Generator": {
        "type": "Transitive",
        "resolved": "1.21.4",
        "contentHash": "g14EsSS85yn0lHTi0J9ivqlZMf09A2iI51fmI+0KkzIzyCbWOBWPi5mdaY7YWmXprk12aYh9u/qfWHQUYthlwg=="
      },
      "Microsoft.AspNetCore.HeaderPropagation": {
        "type": "Transitive",
        "resolved": "10.0.3",
        "contentHash": "i+RWe3avC6VKsxyMzMliEpzUsMYkAAKuLqAkl/HH349S3hIiWklvdgAtY0dLbIf2UfyYEIZAMoNrZ1IraYVliw==",
        "dependencies": {
          "Microsoft.Extensions.DependencyInjection": "10.0.3",
          "Microsoft.Extensions.Http": "10.0.3"
        }
      },
      "Microsoft.Bcl.AsyncInterfaces": {
        "type": "Transitive",
        "resolved": "10.0.1",
        "contentHash": "E1HSLkPHXEO30JEij2pWbOuzz1Z5ND4a5l7IP1T2RgQuE0a0NzEIvtO64RNy3Otn6PFezbT80cfm3M/Cgt70PA=="
      },
      "Microsoft.Extensions.Caching.Abstractions": {
        "type": "Transitive",
        "resolved": "10.0.1",
        "contentHash": "Vb1vVAQDxHpXVdL9fpOX2BzeV7bbhzG4pAcIKRauRl0/VfkE8mq0f+fYC+gWICh3dlzTZInJ/cTeBS2MgU/XvQ==",
        "dependencies": {
          "Microsoft.Extensions.Primitives": "10.0.1"
        }
      },
      "Microsoft.Extensions.Caching.Memory": {
        "type": "Transitive",
        "resolved": "10.0.1",
        "contentHash": "NxqSP0Ky4dZ5ybszdZCqs1X2C70s+dXflqhYBUh/vhcQVTIooNCXIYnLVbafoAFGZMs51d9+rHxveXs0ZC3SQQ==",
        "dependencies": {
          "Microsoft.Extensions.Caching.Abstractions": "10.0.1",
          "Microsoft.Extensions.DependencyInjection.Abstractions": "10.0.1",
          "Microsoft.Extensions.Logging.Abstractions": "10.0.1",
          "Microsoft.Extensions.Options": "10.0.1",
          "Microsoft.Extensions.Primitives": "10.0.1"
        }
      },
      "Microsoft.Extensions.Caching.StackExchangeRedis": {
        "type": "Transitive",
        "resolved": "10.0.1",
        "contentHash": "M7+349/EtaszydCxz/vtj4fUgbwE6NfDAfh98+oeWHPdBthgWKDCdnFV92p9UtyFN8Ln0e0w1ZzJvvbNzpMtaQ==",
        "dependencies": {
          "Microsoft.Extensions.Caching.Abstractions": "10.0.1",
          "Microsoft.Extensions.Logging.Abstractions": "10.0.1",
          "Microsoft.Extensions.Options": "10.0.1",
          "StackExchange.Redis": "2.7.27"
        }
      },
      "Microsoft.Extensions.Configuration": {
        "type": "Transitive",
        "resolved": "10.0.3",
        "contentHash": "H1Cjv2xmm7O3iAGmFTcnSM0ZhLQ/7SqefmAvSJoT1PbXoxeYc2fo0mCLn2JlVbr9E6YpoU9q/o0fI9neDJB0xQ==",
        "dependencies": {
          "Microsoft.Extensions.Configuration.Abstractions": "10.0.3",
          "Microsoft.Extensions.Primitives": "10.0.3"
        }
      },
      "Microsoft.Extensions.Configuration.Abstractions": {
        "type": "Transitive",
        "resolved": "10.0.3",
        "contentHash": "xVDHL0+SIgemfh95fTO9cGLe17TWv/ZP0n7m01z8X6pzt2DmQpucioWR/mYZA1sRlkWnkXzfl0JweLNWmE9WMg==",
        "dependencies": {
          "Microsoft.Extensions.Primitives": "10.0.3"
        }
      },
      "Microsoft.Extensions.Configuration.Binder": {
        "type": "Transitive",
        "resolved": "10.0.3",
        "contentHash": "759UhpKaR5Jsll9kXpkft4z/7tpeF7Dw2rTY/9f9JchaSQTpRFNIPkZFZvoo7fFpbjUaqtDlO5aiGpmQrp/EUA==",
        "dependencies": {
          "Microsoft.Extensions.Configuration": "10.0.3",
          "Microsoft.Extensions.Configuration.Abstractions": "10.0.3"
        }
      },
      "Microsoft.Extensions.DependencyInjection": {
        "type": "Transitive",
        "resolved": "10.0.3",
        "contentHash": "2DLOmC0EkB2smVK8lPP1PIKEgL1arE3CMp9XSIQB/Y7ev5nnnyuM/PizKJ6QfLD08QCYoopSC9SFdbYglDomYg==",
        "dependencies": {
          "Microsoft.Extensions.DependencyInjection.Abstractions": "10.0.3"
        }
      },
      "Microsoft.Extensions.DependencyInjection.Abstractions": {
        "type": "Transitive",
        "resolved": "10.0.3",
        "contentHash": "bwGMrRcAMWx2s/RDgja97p27rxSz2pEQW0+rX5cWAUWVETVJ/eyxGfjAl8vuG5a+lckWmPIE+vcuaZNVB5YDdw=="
      },
      "Microsoft.Extensions.DependencyInjection.AutoActivation": {
        "type": "Transitive",
        "resolved": "10.1.0",
        "contentHash": "O052pqWkdVNXaj3n9E4x6nLL7sG860434gLh7XHhFp/KpyAY9/rCk9NJUinYfQnDkAA8UgCHimVZz+lTjnEwzQ==",
        "dependencies": {
          "Microsoft.Extensions.Hosting.Abstractions": "10.0.1"
        }
      },
      "Microsoft.Extensions.Diagnostics": {
        "type": "Transitive",
        "resolved": "10.0.3",
        "contentHash": "tc0R6i2T+138taoxFPQXb7Sy/4rtq4ytoJrAt4fNGs6k89mHpEhZnXUNgaFKwwb5Ud5rIUeLC6tfpsuHNwiWqg==",
        "dependencies": {
          "Microsoft.Extensions.Configuration": "10.0.3",
          "Microsoft.Extensions.Diagnostics.Abstractions": "10.0.3",
          "Microsoft.Extensions.Options.ConfigurationExtensions": "10.0.3"
        }
      },
      "Microsoft.Extensions.Diagnostics.Abstractions": {
        "type": "Transitive",
        "resolved": "10.0.3",
        "contentHash": "mQiTzAj7PIJ2A9YXR5QhgulS1fTWhmQc3ckd1Mrf3hKW07d03fBDqx8vVaFw+cRTebDOeB6pNqdWdnRxsi1hBA==",
        "dependencies": {
          "Microsoft.Extensions.DependencyInjection.Abstractions": "10.0.3",
          "Microsoft.Extensions.Options": "10.0.3"
        }
      },
      "Microsoft.Extensions.Diagnostics.HealthChecks": {
        "type": "Transitive",
        "resolved": "10.0.1",
        "contentHash": "LMQ1mW8YvfupNwoWXk+IOtjYTUllUIrETrWslKOsV66RvD96WaePcCcuF7SmB6fcTOuJFsSu/zILIUJGM+fM/Q==",
        "dependencies": {
          "Microsoft.Extensions.Diagnostics.HealthChecks.Abstractions": "10.0.1",
          "Microsoft.Extensions.Hosting.Abstractions": "10.0.1",
          "Microsoft.Extensions.Logging.Abstractions": "10.0.1",
          "Microsoft.Extensions.Options": "10.0.1"
        }
      },
      "Microsoft.Extensions.Diagnostics.HealthChecks.Abstractions": {
        "type": "Transitive",
        "resolved": "10.0.1",
        "contentHash": "cebN2lQD6S7XCQ7DFKnXcBHxSfqWr38H9YliEluJIDRTJ99Q9V6gBMXBYx03kh6YJAzfN3JoEcsikpEWnC6VwA=="
      },
      "Microsoft.Extensions.FileProviders.Abstractions": {
        "type": "Transitive",
        "resolved": "10.0.1",
        "contentHash": "+b3DligYSZuoWltU5YdbMpIEUHNZPgPrzWfNiIuDkMdqOl93UxYB5KzS3lgpRfTXJhTNpo/CZ8w/sTkDTPDdxQ==",
        "dependencies": {
          "Microsoft.Extensions.Primitives": "10.0.1"
        }
      },
      "Microsoft.Extensions.Hosting.Abstractions": {
        "type": "Transitive",
        "resolved": "10.0.1",
        "contentHash": "qmoQkVZcbm4/gFpted3W3Y+1kTATZTcUhV3mRkbtpfBXlxWCHwh/2oMffVcCruaGOfJuEnyAsGyaSUouSdECOw==",
        "dependencies": {
          "Microsoft.Extensions.Configuration.Abstractions": "10.0.1",
          "Microsoft.Extensions.DependencyInjection.Abstractions": "10.0.1",
          "Microsoft.Extensions.Diagnostics.Abstractions": "10.0.1",
          "Microsoft.Extensions.FileProviders.Abstractions": "10.0.1",
          "Microsoft.Extensions.Logging.Abstractions": "10.0.1"
        }
      },
      "Microsoft.Extensions.Http": {
        "type": "Transitive",
        "resolved": "10.0.3",
        "contentHash": "M5gWob3dtzlF14oto1lR1ZuSJrR0gGc+obv7zY9LGmX5y3Ndpve29MrrjqJW/m4CFud4TE/KFUuHjjtwxhCO8g==",
        "dependencies": {
          "Microsoft.Extensions.Configuration.Abstractions": "10.0.3",
          "Microsoft.Extensions.DependencyInjection.Abstractions": "10.0.3",
          "Microsoft.Extensions.Diagnostics": "10.0.3",
          "Microsoft.Extensions.Logging": "10.0.3",
          "Microsoft.Extensions.Logging.Abstractions": "10.0.3",
          "Microsoft.Extensions.Options": "10.0.3"
        }
      },
      "Microsoft.Extensions.Logging": {
        "type": "Transitive",
        "resolved": "10.0.3",
        "contentHash": "8D9Er1cGXNjNDIB+VLBNHn386L5ls2FoiG9a6o12gyn+GG3w6jdfUhzT8dtBnKcevE7/fsVA8MS3FBgFfClFtQ==",
        "dependencies": {
          "Microsoft.Extensions.DependencyInjection": "10.0.3",
          "Microsoft.Extensions.Logging.Abstractions": "10.0.3",
          "Microsoft.Extensions.Options": "10.0.3"
        }
      },
      "Microsoft.Extensions.Logging.Abstractions": {
        "type": "Transitive",
        "resolved": "10.0.3",
        "contentHash": "lxl0WLk7ROgBFAsjcOYjQ8/DVK+VMszxGBzUhgtQmAsTNldLL5pk9NG/cWTsXHq0lUhUEAtZkEE7jOGOA8bGKQ==",
        "dependencies": {
          "Microsoft.Extensions.DependencyInjection.Abstractions": "10.0.3"
        }
      },
      "Microsoft.Extensions.Logging.Configuration": {
        "type": "Transitive",
        "resolved": "10.0.0",
        "contentHash": "j8zcwhS6bYB6FEfaY3nYSgHdpiL2T+/V3xjpHtslVAegyI1JUbB9yAt/BFdvZdsNbY0Udm4xFtvfT/hUwcOOOg==",
        "dependencies": {
          "Microsoft.Extensions.Configuration": "10.0.0",
          "Microsoft.Extensions.Configuration.Abstractions": "10.0.0",
          "Microsoft.Extensions.Configuration.Binder": "10.0.0",
          "Microsoft.Extensions.DependencyInjection.Abstractions": "10.0.0",
          "Microsoft.Extensions.Logging": "10.0.0",
          "Microsoft.Extensions.Logging.Abstractions": "10.0.0",
          "Microsoft.Extensions.Options": "10.0.0",
          "Microsoft.Extensions.Options.ConfigurationExtensions": "10.0.0"
        }
      },
      "Microsoft.Extensions.Options": {
        "type": "Transitive",
        "resolved": "10.0.3",
        "contentHash": "hU6WzGTPvPoLA2ng1ILvWQb3g0qORdlHNsxI8IcPLumJb3suimYUl+bbDzdo1V4KFsvVhnMWzysHpKbZaoDQPQ==",
        "dependencies": {
          "Microsoft.Extensions.DependencyInjection.Abstractions": "10.0.3",
          "Microsoft.Extensions.Primitives": "10.0.3"
        }
      },
      "Microsoft.Extensions.Options.ConfigurationExtensions": {
        "type": "Transitive",
        "resolved": "10.0.3",
        "contentHash": "bn6QoBbbvwmzLIFyxrnL2/e+sqoNUOGbHyfWK9DPONMv1mDCYHm/C7MusYASM31b2lUx6OiDmonb3v+dv5t0nA==",
        "dependencies": {
          "Microsoft.Extensions.Configuration.Abstractions": "10.0.3",
          "Microsoft.Extensions.Configuration.Binder": "10.0.3",
          "Microsoft.Extensions.DependencyInjection.Abstractions": "10.0.3",
          "Microsoft.Extensions.Options": "10.0.3",
          "Microsoft.Extensions.Primitives": "10.0.3"
        }
      },
      "Microsoft.Extensions.Primitives": {
        "type": "Transitive",
        "resolved": "10.0.3",
        "contentHash": "GEcpTwo7sUoLGGNTqV1FZEuL+tTD9m81NX/mh099dqGNna07/UGZShKQNZRw4hv6nlliSUwYQgSYc7OR99Jufg=="
      },
      "Microsoft.OpenApi": {
        "type": "Transitive",
        "resolved": "2.4.1",
        "contentHash": "u7QhXCISMQuab3flasb1hoaiERmUqyWsW7tmQODyILoQ7mJV5IRGM+2KKZYo0QUfC13evEOcHAb6TPWgqEQtrw=="
      },
      "OpenTelemetry": {
        "type": "Transitive",
        "resolved": "1.14.0",
        "contentHash": "aiPBAr1+0dPDItH++MQQr5UgMf4xiybruzNlAoYYMYN3UUk+mGRcoKuZy4Z4rhhWUZIpK2Xhe7wUUXSTM32duQ==",
        "dependencies": {
          "Microsoft.Extensions.Diagnostics.Abstractions": "10.0.0",
          "Microsoft.Extensions.Logging.Configuration": "10.0.0",
          "OpenTelemetry.Api.ProviderBuilderExtensions": "1.14.0"
        }
      },
      "OpenTelemetry.Api": {
        "type": "Transitive",
        "resolved": "1.14.0",
        "contentHash": "foHci6viUw1f3gUB8qzz3Rk02xZIWMo299X0rxK0MoOWok/3dUVru+KKdY7WIoSHwRGpxGKkmAz9jIk2RFNbsQ=="
      },
      "OpenTelemetry.Api.ProviderBuilderExtensions": {
        "type": "Transitive",
        "resolved": "1.14.0",
        "contentHash": "i/lxOM92v+zU5I0rGl5tXAGz6EJtxk2MvzZ0VN6F6L5pMqT6s6RCXnGWXg6fW+vtZJsllBlQaf/VLPTzgefJpg==",
        "dependencies": {
          "Microsoft.Extensions.DependencyInjection.Abstractions": "10.0.0",
          "OpenTelemetry.Api": "1.14.0"
        }
      },
      "OpenTelemetry.Extensions.Hosting": {
        "type": "Transitive",
        "resolved": "1.14.0",
        "contentHash": "ZAxkCIa3Q3YWZ1sGrolXfkhPqn2PFSz2Cel74em/fATZgY5ixlw6MQp2icmqKCz4C7M1W2G0b92K3rX8mOtFRg==",
        "dependencies": {
          "Microsoft.Extensions.Hosting.Abstractions": "10.0.0",
          "OpenTelemetry": "1.14.0"
        }
      },
      "Pipelines.Sockets.Unofficial": {
        "type": "Transitive",
        "resolved": "2.2.8",
        "contentHash": "zG2FApP5zxSx6OcdJQLbZDk2AVlN2BNQD6MorwIfV6gVj0RRxWPEp2LXAxqDGZqeNV1Zp0BNPcNaey/GXmTdvQ=="
      },
      "Refit": {
        "type": "Transitive",
        "resolved": "10.0.1",
        "contentHash": "AprsDMXFRU2k+sXZYfiFLYueP7ovEvoGzC2ylAV9i6xh6rcGJOgLiZdugxnEpIrH6WNbiR8OnOrAr06/pZMQaQ=="
      },
      "Refit.HttpClientFactory": {
        "type": "Transitive",
        "resolved": "10.0.1",
        "contentHash": "l8+mhfcBm0lSuNF9g1VTEwEHYQKtdqouOybpQkuxSWafSswRmit9COjmw6vd2Odj5k/qWjzzo8EbjYbyoV2dmQ==",
        "dependencies": {
          "Microsoft.Extensions.Http": "9.0.3",
          "Refit": "10.0.1"
        }
      },
      "StackExchange.Redis": {
        "type": "Transitive",
        "resolved": "2.10.1",
        "contentHash": "se08WZvD42H3bV4XBW07pupTiE2/72qStKyi/lRqqcijksFWfRtwLTuhFtZ4OX19f4+we/2qruFZBXYJBFc8PQ==",
        "dependencies": {
          "Microsoft.Extensions.Logging.Abstractions": "8.0.0",
          "Pipelines.Sockets.Unofficial": "2.2.8",
          "System.IO.Hashing": "9.0.10"
        }
      },
      "Swashbuckle.AspNetCore.Swagger": {
        "type": "Transitive",
        "resolved": "10.1.4",
        "contentHash": "4ac45rVXsgustOXx6abChvIXtWjc1gUgwEpExz8pkQTTXjVTuRtfyMCN0srgxwpIAw/UoH/LYcbgqrjRcYwhfg==",
        "dependencies": {
          "Microsoft.OpenApi": "2.4.1"
        }
      },
      "Swashbuckle.AspNetCore.SwaggerGen": {
        "type": "Transitive",
        "resolved": "10.1.4",
        "contentHash": "gbh8gJ97lMw0ScCdbEhAzwlHSWKiTzYtHfS6/e7u4e4c0ms6mOccLFgRsWF0ekgpDh+AlA0yWc5X5ec+6cxCXQ==",
        "dependencies": {
          "Swashbuckle.AspNetCore.Swagger": "10.1.4"
        }
      },
      "System.IO.Hashing": {
        "type": "Transitive",
        "resolved": "9.0.10",
        "contentHash": "9gv5z71xaWWmcGEs4bXdreIhKp2kYLK2fvPK5gQkgnWMYvZ8ieaxKofDjxL3scZiEYfi/yW2nJTiKV2awcWEdA=="
      },
      "ZiggyCreatures.FusionCache": {
        "type": "Transitive",
        "resolved": "2.5.0",
        "contentHash": "lJJAxhhMstUhGTm+Lxp2y3oF4LCqFewV42thxevfiPUc3UKT+gJBMhMFXUDS1IC3lxUAwrjSZZwVkUDWh4HO5Q==",
        "dependencies": {
          "Microsoft.Extensions.Caching.Memory": "10.0.1"
        }
      },
      "ZiggyCreatures.FusionCache.Backplane.StackExchangeRedis": {
        "type": "Transitive",
        "resolved": "2.5.0",
        "contentHash": "JlSl+KqqiEDQVGBGDPSsz70ikrsA2WFD5wZ4TSKif6Sp2vTzY13goU/Zb86BDZDNzEvttpcWZdxEGOzAWqoFWQ==",
        "dependencies": {
          "StackExchange.Redis": "2.10.1",
          "ZiggyCreatures.FusionCache": "2.5.0"
        }
      },
      "ZiggyCreatures.FusionCache.Locking.Distributed.Redis": {
        "type": "Transitive",
        "resolved": "2.5.0",
        "contentHash": "m4ImdB50NAk1U2goVTCmprsONJCqs8om9EHMxb2Gv9SndnJul7A4AyFbSQJ7TERHs9WJfwd/sV8tjYmu9l9uxQ==",
        "dependencies": {
          "DistributedLock.Redis": "1.1.1",
          "Microsoft.Bcl.AsyncInterfaces": "10.0.1",
          "ZiggyCreatures.FusionCache": "2.5.0"
        }
      },
      "ZiggyCreatures.FusionCache.OpenTelemetry": {
        "type": "Transitive",
        "resolved": "2.5.0",
        "contentHash": "vw9K9EoEAjrZoSKNDvwJEA+51magxf4+5jhjnudSJC5KXm1qPaBfGcC2AFBW7+yj+QyXtuJ1uzI3KsoWtt3Ong==",
        "dependencies": {
          "OpenTelemetry.Api": "1.14.0",
          "ZiggyCreatures.FusionCache": "2.5.0"
        }
      },
      "ZiggyCreatures.FusionCache.Serialization.SystemTextJson": {
        "type": "Transitive",
        "resolved": "2.5.0",
        "contentHash": "izxLNCxt4GNJh9kwCrcdihp2b4kE8wa4mo4LZ+4ah4f+cG8FdPh2ZUYA+5kU6Yrg2drEUePdW7Uaianz+5WXjQ==",
        "dependencies": {
          "ZiggyCreatures.FusionCache": "2.5.0"
        }
      },
      "umbracoheadlessbff.sharedmodules.cms": {
        "type": "Project",
        "dependencies": {
          "Microsoft.AspNetCore.HeaderPropagation": "[10.0.3, )",
          "Refit": "[10.0.1, )",
          "Refit.HttpClientFactory": "[10.0.1, )",
          "UmbracoHeadlessBFF.SharedModules.Common": "[1.0.0, )"
        }
      },
      "umbracoheadlessbff.sharedmodules.common": {
        "type": "Project",
        "dependencies": {
          "Aspire.StackExchange.Redis.DistributedCaching": "[13.1.2, )",
          "HtmlAgilityPack": "[1.12.4, )",
          "Microsoft.AspNetCore.HeaderPropagation": "[10.0.3, )",
          "Refit.HttpClientFactory": "[10.0.1, )",
          "Swashbuckle.AspNetCore.SwaggerGen": "[10.1.4, )",
          "ZiggyCreatures.FusionCache": "[2.5.0, )",
          "ZiggyCreatures.FusionCache.Backplane.StackExchangeRedis": "[2.5.0, )",
          "ZiggyCreatures.FusionCache.Locking.Distributed.Redis": "[2.5.0, )",
          "ZiggyCreatures.FusionCache.OpenTelemetry": "[2.5.0, )",
          "ZiggyCreatures.FusionCache.Serialization.SystemTextJson": "[2.5.0, )"
        }
      },
      "umbracoheadlessbff.siteapi.modules.common": {
        "type": "Project",
        "dependencies": {
          "Asp.Versioning.Http": "[8.1.1, )",
          "UmbracoHeadlessBFF.SharedModules.Cms": "[1.0.0, )",
          "UmbracoHeadlessBFF.SharedModules.Common": "[1.0.0, )",
          "ZiggyCreatures.FusionCache.AspNetCore.OutputCaching": "[2.5.0, )",
          "ZiggyCreatures.FusionCache.Serialization.CysharpMemoryPack": "[2.5.0, )"
        }
      },
      "Asp.Versioning.Http": {
        "type": "CentralTransitive",
        "requested": "[8.1.1, )",
        "resolved": "8.1.1",
        "contentHash": "1D/Mzq1MSUSQe1eCY6GeEsu+tIlpzoWZxZkhlcw/uvtVoTrwO+BMl0fSj/XX8oZN1DutWTZqHDHgyDRq+IeSdQ==",
        "dependencies": {
          "Asp.Versioning.Abstractions": "8.1.0"
        }
      },
      "ZiggyCreatures.FusionCache.AspNetCore.OutputCaching": {
        "type": "CentralTransitive",
        "requested": "[2.5.0, )",
        "resolved": "2.5.0",
        "contentHash": "P2hDe6u18n1x7lXDcaKRcIcxMM/lYeq+Awqqkv5f4dA3112r/Bp63eroDT+wRfXT4MLcoESoPwwiYm+WXoF0Ew==",
        "dependencies": {
          "ZiggyCreatures.FusionCache": "2.5.0"
        }
      },
      "ZiggyCreatures.FusionCache.Serialization.CysharpMemoryPack": {
        "type": "CentralTransitive",
        "requested": "[2.5.0, )",
        "resolved": "2.5.0",
        "contentHash": "6JndRIdeyzaI/lltBJqWFkScjG/AQlPJeYVerYDUQl2onxw7yCKbaWsGURdZ3LfszDwwBFLrz4I1z3bvLJTdEA==",
        "dependencies": {
          "MemoryPack": "1.21.4",
          "ZiggyCreatures.FusionCache": "2.5.0"
        }
      }
    }
  }
}