{
  "version": 2,
  "dependencies": {
    "net10.0": {
      "Microsoft.Extensions.Http.Resilience": {
        "type": "Direct",
        "requested": "[10.4.0, )",
        "resolved": "10.4.0",
        "contentHash": "HbkUsPUC7vLy2TaDbdA9aooW64n9yX4sUppRuiJ1cOzzU1FUW+MVEotm6kYVq6AuUI9xwFSBhRFzA03blmk3VA==",
        "dependencies": {
          "Microsoft.Extensions.Http.Diagnostics": "10.4.0",
          "Microsoft.Extensions.Resilience": "10.4.0"
        }
      },
      "Microsoft.Extensions.ServiceDiscovery": {
        "type": "Direct",
        "requested": "[10.4.0, )",
        "resolved": "10.4.0",
        "contentHash": "RznZAH6L4RNvroECT5JpqfFQJjHTn+8N7+ThSgYutbshkuymFeL/uBIZt1CM8LOdpPPhn4//a5fLUah9/k7ayQ==",
        "dependencies": {
          "Microsoft.Extensions.ServiceDiscovery.Abstractions": "10.4.0"
        }
      },
      "OpenTelemetry.Exporter.OpenTelemetryProtocol": {
        "type": "Direct",
        "requested": "[1.15.1, )",
        "resolved": "1.15.1",
        "contentHash": "400L64MwDd1s2bj4fFJblo3Hf5rXE3bhJUlOSBcLF6QP1Ln116Eqnwnesxhg2siDxOgHYLjcfCC8ByJTDEpNFQ==",
        "dependencies": {
          "OpenTelemetry": "1.15.1"
        }
      },
      "OpenTelemetry.Extensions.Hosting": {
        "type": "Direct",
        "requested": "[1.15.1, )",
        "resolved": "1.15.1",
        "contentHash": "/mN9I16P8miDSHogFC0OFyPzUvYXibk/rLFLXW3Io50IN+XEQx7E6dSyUdMRdY+NKmOCo/oS5ICXkjdoFrwq2A==",
        "dependencies": {
          "OpenTelemetry": "1.15.1"
        }
      },
      "OpenTelemetry.Instrumentation.AspNetCore": {
        "type": "Direct",
        "requested": "[1.15.1, )",
        "resolved": "1.15.1",
        "contentHash": "wXaZTu6LHY8xcbRd6ClcrtjHqGVoGYCcArXEZA3iUjUcYSVYwDGyPU0PdkwTfylxv8JeCCVDQhVb0fT7xBJjGA==",
        "dependencies": {
          "OpenTelemetry.Api.ProviderBuilderExtensions": "[1.15.0, 2.0.0)"
        }
      },
      "OpenTelemetry.Instrumentation.Http": {
        "type": "Direct",
        "requested": "[1.15.0, )",
        "resolved": "1.15.0",
        "contentHash": "uToc7bUp8IEdb0ny9mKsL6FrrYelINPzxxiSShJgOf4XmQc4Azww6S5RjRj24YhsOn2a1MABOrxfVTZXtDk4Eg==",
        "dependencies": {
          "OpenTelemetry.Api.ProviderBuilderExtensions": "[1.15.0, 2.0.0)"
        }
      },
      "OpenTelemetry.Instrumentation.Runtime": {
        "type": "Direct",
        "requested": "[1.15.0, )",
        "resolved": "1.15.0",
        "contentHash": "OOvpqR/j2Pb6+tWhHNODIbSJ53Or/MDtTiXEyrsWI02K2lLAgvBFcxUOrHggS/8015cYR3AdSaXv6NZrkz5yQA==",
        "dependencies": {
          "OpenTelemetry.Api": "[1.15.0, 2.0.0)"
        }
      },
      "OpenTelemetry.Instrumentation.SqlClient": {
        "type": "Direct",
        "requested": "[1.15.1, )",
        "resolved": "1.15.1",
        "contentHash": "IoGJQ2OzlbB3Rqtmn9bMileiP8DL6SWhPsFh39fSH9nXx80hdmb213ZZZnVy6GRJusIpEmEjyv/8+lNL7Lrwuw==",
        "dependencies": {
          "OpenTelemetry.Api.ProviderBuilderExtensions": "[1.15.0, 2.0.0)"
        }
      },
      "OpenTelemetry.Instrumentation.StackExchangeRedis": {
        "type": "Direct",
        "requested": "[1.15.0-beta.1, )",
        "resolved": "1.15.0-beta.1",
        "contentHash": "Igg/3MlBZZ9lZCTzMcvoFKav263+zOcKx9s4LVIdq96YmBHCuPmDiyygAIPdeIVzwN08VwD3RG1nXHDuRF1Ssg==",
        "dependencies": {
          "OpenTelemetry.Api.ProviderBuilderExtensions": "[1.15.0, 2.0.0)",
          "StackExchange.Redis": "2.6.122"
        }
      },
      "Aspire.StackExchange.Redis": {
        "type": "Transitive",
        "resolved": "13.2.0",
        "contentHash": "D2Y+vU7jZyaMiv7HStwV7Ml79skFyYTHJFTtlIG1zi/xSoZOWZizogNWqlS3sjP9FZqh0YliKbUQNhVdruhRvg==",
        "dependencies": {
          "AspNetCore.HealthChecks.Redis": "9.0.0",
          "Microsoft.Extensions.DependencyInjection.AutoActivation": "10.2.0",
          "OpenTelemetry.Extensions.Hosting": "1.15.0",
          "StackExchange.Redis": "2.11.0",
          "System.IO.Hashing": "10.0.3"
        }
      },
      "AspNetCore.HealthChecks.Redis": {
        "type": "Transitive",
        "resolved": "9.0.0",
        "contentHash": "yNH0h8GLRbAf+PU5HNVLZ5hNeyq9mDVmRKO9xuZsme/znUYoBJlQvI0gq45gaZNlLncCHkMhR4o90MuT+gxxPw==",
        "dependencies": {
          "StackExchange.Redis": "2.7.4"
        }
      },
      "DistributedLock.Core": {
        "type": "Transitive",
        "resolved": "1.0.8",
        "contentHash": "LAOsY8WxX8JU/n3lfXFz+f2pfnv0+4bHkCrOO3bwa28u9HrS3DlxSG6jf+u76SqesKs+KehZi0CndkfaUXBKvg=="
      },
      "DistributedLock.Redis": {
        "type": "Transitive",
        "resolved": "1.1.1",
        "contentHash": "6HZkVS+ozUJqqv6bmDRfT2ie6h+X721NlPmKZ3Mq6+oFhSiaTgGCFY5Kw9j34Je+rzFE5sO3BRxtr8bccS5Vzg==",
        "dependencies": {
          "DistributedLock.Core": "[1.0.8, 1.1.0)",
          "StackExchange.Redis": "2.7.33"
        }
      },
      "Microsoft.Bcl.AsyncInterfaces": {
        "type": "Transitive",
        "resolved": "10.0.1",
        "contentHash": "E1HSLkPHXEO30JEij2pWbOuzz1Z5ND4a5l7IP1T2RgQuE0a0NzEIvtO64RNy3Otn6PFezbT80cfm3M/Cgt70PA=="
      },
      "Microsoft.Extensions.AmbientMetadata.Application": {
        "type": "Transitive",
        "resolved": "10.4.0",
        "contentHash": "bovnONzrr/JIc+w343i857rJEb7cQH9UzEjbV5n67agWBEYICGQb8xiqYz5+GoFXp6mKEKLwYCQGttMU1p5yXQ=="
      },
      "Microsoft.Extensions.Caching.StackExchangeRedis": {
        "type": "Transitive",
        "resolved": "10.0.5",
        "contentHash": "zXb143/TpEKOLQuWGw2CkJgb9F4XXh2XbevMvppzsIHr1/pjML0zjc+vzXcpCV8YUwpW5NIaScZhzFSm621B3Q==",
        "dependencies": {
          "StackExchange.Redis": "2.7.27"
        }
      },
      "Microsoft.Extensions.Compliance.Abstractions": {
        "type": "Transitive",
        "resolved": "10.4.0",
        "contentHash": "4WkknDbVrHNf+S6fwSt1OAXlGJ/G/QrtJlqx4aNzOLmeT3GRyxpGLZn+Q3UV+RMRAF6FfsijEZBg2ZAW8bTAkg=="
      },
      "Microsoft.Extensions.DependencyInjection.AutoActivation": {
        "type": "Transitive",
        "resolved": "10.4.0",
        "contentHash": "ksmUG2SFTcXzYdyoLOdeSM/qYLRGN6qbbSzYVkwMK9xsctfR1hYkUayeOpFCMd7L+QSlYX72mK9wxwdgQxyS4g=="
      },
      "Microsoft.Extensions.Diagnostics.ExceptionSummarization": {
        "type": "Transitive",
        "resolved": "10.4.0",
        "contentHash": "1/hQmONMWxRTKXuN0pQShQN9QsqIRTS1G4fdmKW0O9phuVZjyzIROQD9Fbfwyn2t+yvP8SzjatGAPX4jDRfgHg=="
      },
      "Microsoft.Extensions.Http.Diagnostics": {
        "type": "Transitive",
        "resolved": "10.4.0",
        "contentHash": "ybx2QcCWROCnUCbSj/IyHXn1c58brjjHzTTbueKgBl/qHsWk69mu25mjQ3oaMsO1I0+EcS6AhVuhIopL2q3IDw==",
        "dependencies": {
          "Microsoft.Extensions.Telemetry": "10.4.0"
        }
      },
      "Microsoft.Extensions.Resilience": {
        "type": "Transitive",
        "resolved": "10.4.0",
        "contentHash": "41CCbJJPsDWU6NsmKfANHkfT/+KCBlZZqQ1eBoQhhW0xqGCiWmUlMdi2BoaM/GcwKHX5WiQL/IESROmgk0Owfw==",
        "dependencies": {
          "Microsoft.Extensions.Diagnostics.ExceptionSummarization": "10.4.0",
          "Microsoft.Extensions.Telemetry.Abstractions": "10.4.0",
          "Polly.Extensions": "8.4.2",
          "Polly.RateLimiting": "8.4.2"
        }
      },
      "Microsoft.Extensions.ServiceDiscovery.Abstractions": {
        "type": "Transitive",
        "resolved": "10.4.0",
        "contentHash": "HkBb7cdi27tkQiQw1anQFbXe+A3pjRwDKgVbd/DD9fMAO2X9abK0FEyM/tNVXjW3lwOWl2tF+Xij/DqI6i+JTg=="
      },
      "Microsoft.Extensions.Telemetry": {
        "type": "Transitive",
        "resolved": "10.4.0",
        "contentHash": "AbHleTzdpGPjA6RpOjKVHEYx7SoBRnJ2bwAbbPa3aGB7HiVwBmeTJhBGhtIBiuIW0VpKDS8x+bV5iWqpBRIf4w==",
        "dependencies": {
          "Microsoft.Extensions.AmbientMetadata.Application": "10.4.0",
          "Microsoft.Extensions.DependencyInjection.AutoActivation": "10.4.0",
          "Microsoft.Extensions.Telemetry.Abstractions": "10.4.0"
        }
      },
      "Microsoft.Extensions.Telemetry.Abstractions": {
        "type": "Transitive",
        "resolved": "10.4.0",
        "contentHash": "3b2uVa4voJfLLg39BPCKQS0ZgnpEZFkKf7YmnMVlM5FQJYBPOuePIQdnEK1/Oxd+w3GscxGYuE7IMOXDwixZtQ==",
        "dependencies": {
          "Microsoft.Extensions.Compliance.Abstractions": "10.4.0"
        }
      },
      "Microsoft.OpenApi": {
        "type": "Transitive",
        "resolved": "2.4.1",
        "contentHash": "u7QhXCISMQuab3flasb1hoaiERmUqyWsW7tmQODyILoQ7mJV5IRGM+2KKZYo0QUfC13evEOcHAb6TPWgqEQtrw=="
      },
      "OpenTelemetry": {
        "type": "Transitive",
        "resolved": "1.15.1",
        "contentHash": "oJCqFTS/9S70TGPoamdGJRvw5hLOn6I/XC4X0npDErl2sHDlAg030ArJkIHIuLFCTO5GWqj1uDhsZNjO36xMxg==",
        "dependencies": {
          "OpenTelemetry.Api.ProviderBuilderExtensions": "1.15.1"
        }
      },
      "OpenTelemetry.Api": {
        "type": "Transitive",
        "resolved": "1.15.1",
        "contentHash": "+LJP0YBrysh4kPCRZhEyTUTcd+FFP0NPDvV4AzULBmiInGt6fp+RgBieRhUzVX/yyVEyshg3s82RWFYZJIkeGQ=="
      },
      "OpenTelemetry.Api.ProviderBuilderExtensions": {
        "type": "Transitive",
        "resolved": "1.15.1",
        "contentHash": "aZedpOfXtHmVSWlebxJBeJg2DCdzds86mMowBTS6l+sjwV9LvQuZa0JDU9+S7FQvta4hnauxlCEYplbiDiYGeg==",
        "dependencies": {
          "OpenTelemetry.Api": "1.15.1"
        }
      },
      "Pipelines.Sockets.Unofficial": {
        "type": "Transitive",
        "resolved": "2.2.8",
        "contentHash": "zG2FApP5zxSx6OcdJQLbZDk2AVlN2BNQD6MorwIfV6gVj0RRxWPEp2LXAxqDGZqeNV1Zp0BNPcNaey/GXmTdvQ=="
      },
      "Polly.Core": {
        "type": "Transitive",
        "resolved": "8.4.2",
        "contentHash": "BpE2I6HBYYA5tF0Vn4eoQOGYTYIK1BlF5EXVgkWGn3mqUUjbXAr13J6fZVbp7Q3epRR8yshacBMlsHMhpOiV3g=="
      },
      "Polly.Extensions": {
        "type": "Transitive",
        "resolved": "8.4.2",
        "contentHash": "GZ9vRVmR0jV2JtZavt+pGUsQ1O1cuRKG7R7VOZI6ZDy9y6RNPvRvXK1tuS4ffUrv8L0FTea59oEuQzgS0R7zSA==",
        "dependencies": {
          "Polly.Core": "8.4.2"
        }
      },
      "Polly.RateLimiting": {
        "type": "Transitive",
        "resolved": "8.4.2",
        "contentHash": "ehTImQ/eUyO07VYW2WvwSmU9rRH200SKJ/3jku9rOkyWE0A2JxNFmAVms8dSn49QLSjmjFRRSgfNyOgr/2PSmA==",
        "dependencies": {
          "Polly.Core": "8.4.2"
        }
      },
      "StackExchange.Redis": {
        "type": "Transitive",
        "resolved": "2.11.0",
        "contentHash": "tCYDmkaCpEc48MZHh/FgQKavX/kqjpBAIyEFxeO9LTuHRV0flJndXcKpfbgUKahKuk/OI6TEXM6NwKu0gi6xjQ==",
        "dependencies": {
          "Pipelines.Sockets.Unofficial": "2.2.8",
          "System.IO.Hashing": "10.0.2"
        }
      },
      "Swashbuckle.AspNetCore.Swagger": {
        "type": "Transitive",
        "resolved": "10.1.5",
        "contentHash": "s4Mct6+Ob0LK9vYVaZcYi/RFFCOEJNjf6nJ5ZPoxtpdFSlzR6i9AHI7Vl44obX8cynRxJW7prA1IUabkiXolFg==",
        "dependencies": {
          "Microsoft.OpenApi": "2.4.1"
        }
      },
      "System.IO.Hashing": {
        "type": "Transitive",
        "resolved": "10.0.3",
        "contentHash": "La6ICwsdTKhVX+LKN+pvFjQRR3LhLwq3uKdi2knjLzRyPYBSydF4cjXidYxIiTcDD6XVYdsBWQEI8ZxiZ/OdIg=="
      },
      "umbracoheadlessbff.sharedmodules.common": {
        "type": "Project",
        "dependencies": {
          "Aspire.StackExchange.Redis.DistributedCaching": "[13.2.0, )",
          "HtmlAgilityPack": "[1.12.4, )",
          "Microsoft.AspNetCore.HeaderPropagation": "[10.0.5, )",
          "OpenTelemetry.Extensions.Hosting": "[1.15.1, )",
          "Refit": "[10.1.6, )",
          "Refit.HttpClientFactory": "[10.1.6, )",
          "Swashbuckle.AspNetCore.SwaggerGen": "[10.1.5, )",
          "ZiggyCreatures.FusionCache": "[2.6.0, )",
          "ZiggyCreatures.FusionCache.Backplane.StackExchangeRedis": "[2.6.0, )",
          "ZiggyCreatures.FusionCache.Locking.Distributed.Redis": "[2.6.0, )",
          "ZiggyCreatures.FusionCache.OpenTelemetry": "[2.6.0, )",
          "ZiggyCreatures.FusionCache.Serialization.SystemTextJson": "[2.6.0, )"
        }
      },
      "Aspire.StackExchange.Redis.DistributedCaching": {
        "type": "CentralTransitive",
        "requested": "[13.2.0, )",
        "resolved": "13.2.0",
        "contentHash": "yl3yr48JhtSL5MAJ5EFN2UV5welnG7/T+mkF99OJFHXnvIkf6OFNmEfeUt4z5eaGuskuZ1DZbqFI/WVhTTae/Q==",
        "dependencies": {
          "AspNetCore.HealthChecks.Redis": "9.0.0",
          "Aspire.StackExchange.Redis": "13.2.0",
          "Microsoft.Extensions.Caching.StackExchangeRedis": "10.0.5",
          "Microsoft.Extensions.DependencyInjection.AutoActivation": "10.2.0",
          "OpenTelemetry.Extensions.Hosting": "1.15.0",
          "StackExchange.Redis": "2.11.0",
          "System.IO.Hashing": "10.0.3"
        }
      },
      "HtmlAgilityPack": {
        "type": "CentralTransitive",
        "requested": "[1.12.4, )",
        "resolved": "1.12.4",
        "contentHash": "ljqvBabvFwKoLniuoQKO8b5bJfJweKLs4fUNS/V5dsvpo0A8MlJqxxn9XVmP2DaskbUXty6IYaWAi1SArGIMeQ=="
      },
      "Microsoft.AspNetCore.HeaderPropagation": {
        "type": "CentralTransitive",
        "requested": "[10.0.5, )",
        "resolved": "10.0.5",
        "contentHash": "vJZSqcBsZE45lbkNrtG7pFnNHMkp5hukyEBR/R1KizhlvQk1vmj8pB7ZWm/RMTPXB1pn0bynMBL78h9BG3XiRg=="
      },
      "Refit": {
        "type": "CentralTransitive",
        "requested": "[10.1.6, )",
        "resolved": "10.1.6",
        "contentHash": "j82mHFcXJpiJiaLqQgiikmLAu+oYKcIM8ZafipX2s2b2soOS0OGN+Oc+BXkhsG8x6j2M1J23Eac3068yOKLPFA=="
      },
      "Refit.HttpClientFactory": {
        "type": "CentralTransitive",
        "requested": "[10.1.6, )",
        "resolved": "10.1.6",
        "contentHash": "brVgMXHX2pp6pMji7tJijygbMwxccIy2vSsPurPmOZ7jSChBjYpiT9bBbJkBDc0hhnNyzvLkkbx0uiHhJuTTEQ==",
        "dependencies": {
          "Refit": "10.1.6"
        }
      },
      "Swashbuckle.AspNetCore.SwaggerGen": {
        "type": "CentralTransitive",
        "requested": "[10.1.5, )",
        "resolved": "10.1.5",
        "contentHash": "ysQIRgqnx4Vb/9+r3xnEAiaxYmiBHO8jTg7ACaCh+R3Sn+ZKCWKD6nyu0ph3okP91wFSh/6LgccjeLUaQHV+ZA==",
        "dependencies": {
          "Swashbuckle.AspNetCore.Swagger": "10.1.5"
        }
      },
      "ZiggyCreatures.FusionCache": {
        "type": "CentralTransitive",
        "requested": "[2.6.0, )",
        "resolved": "2.6.0",
        "contentHash": "BCe+/SkwQZfaMpq2ZGDZB2pyx6BdGnP+zxqjMM/5K+4PBuH6hljZeIqH4KVzQ26khSbPsQ7IiYZl0Fve4OZOog=="
      },
      "ZiggyCreatures.FusionCache.Backplane.StackExchangeRedis": {
        "type": "CentralTransitive",
        "requested": "[2.6.0, )",
        "resolved": "2.6.0",
        "contentHash": "GHzTt4OVBzVcajgFUJ8oHLmBZJPF+pi044LKG5rTS44ECcSxfzzvSnVZoTPrECbPl3tG96TyiLM+P4uIvzZWPQ==",
        "dependencies": {
          "StackExchange.Redis": "2.10.1",
          "ZiggyCreatures.FusionCache": "2.6.0"
        }
      },
      "ZiggyCreatures.FusionCache.Locking.Distributed.Redis": {
        "type": "CentralTransitive",
        "requested": "[2.6.0, )",
        "resolved": "2.6.0",
        "contentHash": "Rt8pJxY2SVNqxzdmgx/8CzDk7GeTmjyq/diA/ISrI7uUArfRJv6QxD496jszAF6G1O34y3Ut/AE2vrHqisIJmw==",
        "dependencies": {
          "DistributedLock.Redis": "1.1.1",
          "Microsoft.Bcl.AsyncInterfaces": "10.0.1",
          "ZiggyCreatures.FusionCache": "2.6.0"
        }
      },
      "ZiggyCreatures.FusionCache.OpenTelemetry": {
        "type": "CentralTransitive",
        "requested": "[2.6.0, )",
        "resolved": "2.6.0",
        "contentHash": "q917DogvL6Y9GamCLz6n/diC56sWUI3rvIuoZsqW7fyw7toWjcVDtSs/5mN8Weafbaj86RQSV5Q5Ysrm1ueJKQ==",
        "dependencies": {
          "OpenTelemetry.Api": "1.14.0",
          "ZiggyCreatures.FusionCache": "2.6.0"
        }
      },
      "ZiggyCreatures.FusionCache.Serialization.SystemTextJson": {
        "type": "CentralTransitive",
        "requested": "[2.6.0, )",
        "resolved": "2.6.0",
        "contentHash": "A00mNC7xrkC8LUAQMkeB3OtVTfGzyTyHxTgAOwfqaFdazO/54d3fT8LFoekpgSslkvDjKAIPlyafqsFBPLgQIw==",
        "dependencies": {
          "ZiggyCreatures.FusionCache": "2.6.0"
        }
      }
    }
  }
}